{
  "version": 1,
  "dependencies": {
    "net7.0-windows7.0": {
      "Dalamud.ContextMenu": {
        "type": "Direct",
        "requested": "[1.2.3, )",
        "resolved": "1.2.3",
        "contentHash": "ydemplF7DNcA/LLeongDVzWUD/JV0Fw3EwA2+P0jYq3Le2ZYSt4U8qyJq4FyoChqt0lFG8BxYCAzfeWp4Jmnqw=="
      },
      "Dalamud.Loc": {
        "type": "Direct",
        "requested": "[1.0.3, )",
        "resolved": "1.0.3",
        "contentHash": "EOuF/6fCmcGpslKeW7gPgt1yOMv9JdC+W+7SEVWwLsyZo/W13RqsPiSYpMXmZbV2byjdavweZVxF3dNziRZOdA=="
      },
      "DalamudPackager": {
        "type": "Direct",
        "requested": "[2.1.11, )",
        "resolved": "2.1.11",
        "contentHash": "9qlAWoRRTiL/geAvuwR/g6Bcbrd/bJJgVnB/RurBiyKs6srsP0bvpoo8IK+Eg8EA6jWeM6/YJWs66w4FIAzqPw=="
      }
    }
  }
}