{
  "version": 1,
  "dependencies": {
    "net8.0-windows7.0": {
      "DalamudPackager": {
        "type": "Direct",
        "requested": "[2.1.12, )",
        "resolved": "2.1.12",
        "contentHash": "Sc0PVxvgg4NQjcI8n10/VfUQBAS4O+Fw2pZrAqBdRMbthYGeogzu5+xmIGCGmsEZ/ukMOBuAqiNiB5qA3MRalg=="
      },
      "HtmlAgilityPack": {
        "type": "Direct",
        "requested": "[1.11.54, )",
        "resolved": "1.11.54",
        "contentHash": "bgB79N4urc4D7hrD4R+Qk6CjPiYOfs6vfXNsmw3nCcfQEQvBQGjfAcl5k/tB1ZP1hA0d7xXs0jK8xAXV36IVUg=="
      }
    }
  }
}